
Microsoft Visual Studio Solution File, Format Version 12.00
Project("{FAE04EC0-301F-11D3-BF4B-00C04F79EFBC}") = "User_Access_Check", "User_Access_Check.csproj", "{DCCB8D0A-9E49-4CB9-BA43-813A4A14E07C}"
EndProject
Global
	GlobalSection(SolutionConfigurationPlatforms) = preSolution
		Debug|Any CPU = Debug|Any CPU
		Release|Any CPU = Release|Any CPU
	EndGlobalSection
	GlobalSection(ProjectConfigurationPlatforms) = postSolution
		{DCCB8D0A-9E49-4CB9-BA43-813A4A14E07C}.Debug|Any CPU.ActiveCfg = Debug|Any CPU
		{DCCB8D0A-9E49-4CB9-BA43-813A4A14E07C}.Debug|Any CPU.Build.0 = Debug|Any CPU
		{DCCB8D0A-9E49-4CB9-BA43-813A4A14E07C}.Release|Any CPU.ActiveCfg = Release|Any CPU
		{DCCB8D0A-9E49-4CB9-BA43-813A4A14E07C}.Release|Any CPU.Build.0 = Release|Any CPU
	EndGlobalSection
EndGlobal
